
Microsoft Visual Studio Solution File, Format Version 12.00
# Visual Studio Version 17
VisualStudioVersion = 17.11.35208.52
MinimumVisualStudioVersion = 10.0.40219.1
Project("{FAE04EC0-301F-11D3-BF4B-00C04F79EFBC}") = "lnsystem_Study01(Calculator)", "lnsystem_Study01(Calculator)\lnsystem_Study01(Calculator).csproj", "{E70CFCAA-0815-4F72-80EE-669DAB6BCEF1}"
EndProject
Global
	GlobalSection(SolutionConfigurationPlatforms) = preSolution
		Debug|Any CPU = Debug|Any CPU
		Release|Any CPU = Release|Any CPU
	EndGlobalSection
	GlobalSection(ProjectConfigurationPlatforms) = postSolution
		{E70CFCAA-0815-4F72-80EE-669DAB6BCEF1}.Debug|Any CPU.ActiveCfg = Debug|Any CPU
		{E70CFCAA-0815-4F72-80EE-669DAB6BCEF1}.Debug|Any CPU.Build.0 = Debug|Any CPU
		{E70CFCAA-0815-4F72-80EE-669DAB6BCEF1}.Release|Any CPU.ActiveCfg = Release|Any CPU
		{E70CFCAA-0815-4F72-80EE-669DAB6BCEF1}.Release|Any CPU.Build.0 = Release|Any CPU
	EndGlobalSection
	GlobalSection(SolutionProperties) = preSolution
		HideSolutionNode = FALSE
	EndGlobalSection
	GlobalSection(ExtensibilityGlobals) = postSolution
		SolutionGuid = {EC095A0D-626C-4099-BDAA-F6B53DE4995A}
	EndGlobalSection
EndGlobal
