
Microsoft Visual Studio Solution File, Format Version 12.00
# Visual Studio Version 17
VisualStudioVersion = 17.11.35208.52
MinimumVisualStudioVersion = 10.0.40219.1
Project("{FAE04EC0-301F-11D3-BF4B-00C04F79EFBC}") = "FinalCalc", "FinalCalc\FinalCalc.csproj", "{CF242A52-0DDF-47FD-8A8C-4BC5F1F9461F}"
EndProject
Global
	GlobalSection(SolutionConfigurationPlatforms) = preSolution
		Debug|Any CPU = Debug|Any CPU
		Release|Any CPU = Release|Any CPU
	EndGlobalSection
	GlobalSection(ProjectConfigurationPlatforms) = postSolution
		{CF242A52-0DDF-47FD-8A8C-4BC5F1F9461F}.Debug|Any CPU.ActiveCfg = Debug|Any CPU
		{CF242A52-0DDF-47FD-8A8C-4BC5F1F9461F}.Debug|Any CPU.Build.0 = Debug|Any CPU
		{CF242A52-0DDF-47FD-8A8C-4BC5F1F9461F}.Release|Any CPU.ActiveCfg = Release|Any CPU
		{CF242A52-0DDF-47FD-8A8C-4BC5F1F9461F}.Release|Any CPU.Build.0 = Release|Any CPU
	EndGlobalSection
	GlobalSection(SolutionProperties) = preSolution
		HideSolutionNode = FALSE
	EndGlobalSection
	GlobalSection(ExtensibilityGlobals) = postSolution
		SolutionGuid = {161A736B-E15C-4B83-83A0-C5126D8DB778}
	EndGlobalSection
EndGlobal
